
Microsoft Visual Studio Solution File, Format Version 12.00
# Visual Studio 2013
VisualStudioVersion = 12.0.40629.0
MinimumVisualStudioVersion = 10.0.40219.1
Project("{FAE04EC0-301F-11D3-BF4B-00C04F79EFBC}") = "BatchPub", "BatchPub\BatchPub.csproj", "{18DC9959-1C79-4956-9FD1-438B9D445439}"
EndProject
Project("{FAE04EC0-301F-11D3-BF4B-00C04F79EFBC}") = "PacketDecoder", "PacketDecoder\PacketDecoder.csproj", "{D6D15D36-E7F3-4A08-9A3D-6AA382D0DE14}"
EndProject
Project("{FAE04EC0-301F-11D3-BF4B-00C04F79EFBC}") = "BatchMap", "BatchMap\BatchMap.csproj", "{09B4B9F7-64AF-4E6A-AAE1-52C41201179A}"
EndProject
Project("{FAE04EC0-301F-11D3-BF4B-00C04F79EFBC}") = "EOBot", "EOBot\EOBot.csproj", "{2B7C000B-FA6D-441F-85E9-A8A05ADED423}"
EndProject
Project("{FAE04EC0-301F-11D3-BF4B-00C04F79EFBC}") = "EndlessClient", "EndlessClient\EndlessClient.csproj", "{0EC2FDA3-00E9-4DF4-8743-85E2C911E6E8}"
EndProject
Project("{FAE04EC0-301F-11D3-BF4B-00C04F79EFBC}") = "EOLib", "EOLib\EOLib.csproj", "{EDB5AD93-303D-4B07-9FAD-F6A8295D2390}"
EndProject
Project("{FAE04EC0-301F-11D3-BF4B-00C04F79EFBC}") = "EOLib.Graphics", "EOLib.Graphics\EOLib.Graphics.csproj", "{8C4BC247-89ED-4629-B34B-15A5AEE88E2D}"
EndProject
Project("{FAE04EC0-301F-11D3-BF4B-00C04F79EFBC}") = "EOLib.Graphics.Test", "EOLib.Graphics.Test\EOLib.Graphics.Test.csproj", "{2A903DEF-46C6-4E67-A039-A1561DB26C53}"
EndProject
Global
	GlobalSection(SolutionConfigurationPlatforms) = preSolution
		Debug|Any CPU = Debug|Any CPU
		Debug|Mixed Platforms = Debug|Mixed Platforms
		Debug|x86 = Debug|x86
		Release|Any CPU = Release|Any CPU
		Release|Mixed Platforms = Release|Mixed Platforms
		Release|x86 = Release|x86
	EndGlobalSection
	GlobalSection(ProjectConfigurationPlatforms) = postSolution
		{18DC9959-1C79-4956-9FD1-438B9D445439}.Debug|Any CPU.ActiveCfg = Debug|x86
		{18DC9959-1C79-4956-9FD1-438B9D445439}.Debug|Mixed Platforms.ActiveCfg = Debug|x86
		{18DC9959-1C79-4956-9FD1-438B9D445439}.Debug|Mixed Platforms.Build.0 = Debug|x86
		{18DC9959-1C79-4956-9FD1-438B9D445439}.Debug|x86.ActiveCfg = Debug|x86
		{18DC9959-1C79-4956-9FD1-438B9D445439}.Debug|x86.Build.0 = Debug|x86
		{18DC9959-1C79-4956-9FD1-438B9D445439}.Release|Any CPU.ActiveCfg = Release|x86
		{18DC9959-1C79-4956-9FD1-438B9D445439}.Release|Mixed Platforms.ActiveCfg = Release|x86
		{18DC9959-1C79-4956-9FD1-438B9D445439}.Release|Mixed Platforms.Build.0 = Release|x86
		{18DC9959-1C79-4956-9FD1-438B9D445439}.Release|x86.ActiveCfg = Release|x86
		{18DC9959-1C79-4956-9FD1-438B9D445439}.Release|x86.Build.0 = Release|x86
		{D6D15D36-E7F3-4A08-9A3D-6AA382D0DE14}.Debug|Any CPU.ActiveCfg = Debug|x86
		{D6D15D36-E7F3-4A08-9A3D-6AA382D0DE14}.Debug|Mixed Platforms.ActiveCfg = Debug|x86
		{D6D15D36-E7F3-4A08-9A3D-6AA382D0DE14}.Debug|Mixed Platforms.Build.0 = Debug|x86
		{D6D15D36-E7F3-4A08-9A3D-6AA382D0DE14}.Debug|x86.ActiveCfg = Debug|x86
		{D6D15D36-E7F3-4A08-9A3D-6AA382D0DE14}.Debug|x86.Build.0 = Debug|x86
		{D6D15D36-E7F3-4A08-9A3D-6AA382D0DE14}.Release|Any CPU.ActiveCfg = Release|x86
		{D6D15D36-E7F3-4A08-9A3D-6AA382D0DE14}.Release|Mixed Platforms.ActiveCfg = Release|x86
		{D6D15D36-E7F3-4A08-9A3D-6AA382D0DE14}.Release|Mixed Platforms.Build.0 = Release|x86
		{D6D15D36-E7F3-4A08-9A3D-6AA382D0DE14}.Release|x86.ActiveCfg = Release|x86
		{D6D15D36-E7F3-4A08-9A3D-6AA382D0DE14}.Release|x86.Build.0 = Release|x86
		{09B4B9F7-64AF-4E6A-AAE1-52C41201179A}.Debug|Any CPU.ActiveCfg = Debug|x86
		{09B4B9F7-64AF-4E6A-AAE1-52C41201179A}.Debug|Mixed Platforms.ActiveCfg = Debug|x86
		{09B4B9F7-64AF-4E6A-AAE1-52C41201179A}.Debug|Mixed Platforms.Build.0 = Debug|x86
		{09B4B9F7-64AF-4E6A-AAE1-52C41201179A}.Debug|x86.ActiveCfg = Debug|x86
		{09B4B9F7-64AF-4E6A-AAE1-52C41201179A}.Debug|x86.Build.0 = Debug|x86
		{09B4B9F7-64AF-4E6A-AAE1-52C41201179A}.Release|Any CPU.ActiveCfg = Release|x86
		{09B4B9F7-64AF-4E6A-AAE1-52C41201179A}.Release|Mixed Platforms.ActiveCfg = Release|x86
		{09B4B9F7-64AF-4E6A-AAE1-52C41201179A}.Release|Mixed Platforms.Build.0 = Release|x86
		{09B4B9F7-64AF-4E6A-AAE1-52C41201179A}.Release|x86.ActiveCfg = Release|x86
		{09B4B9F7-64AF-4E6A-AAE1-52C41201179A}.Release|x86.Build.0 = Release|x86
		{2B7C000B-FA6D-441F-85E9-A8A05ADED423}.Debug|Any CPU.ActiveCfg = Debug|x86
		{2B7C000B-FA6D-441F-85E9-A8A05ADED423}.Debug|Mixed Platforms.ActiveCfg = Debug|x86
		{2B7C000B-FA6D-441F-85E9-A8A05ADED423}.Debug|Mixed Platforms.Build.0 = Debug|x86
		{2B7C000B-FA6D-441F-85E9-A8A05ADED423}.Debug|x86.ActiveCfg = Debug|x86
		{2B7C000B-FA6D-441F-85E9-A8A05ADED423}.Debug|x86.Build.0 = Debug|x86
		{2B7C000B-FA6D-441F-85E9-A8A05ADED423}.Release|Any CPU.ActiveCfg = Release|x86
		{2B7C000B-FA6D-441F-85E9-A8A05ADED423}.Release|Mixed Platforms.ActiveCfg = Release|x86
		{2B7C000B-FA6D-441F-85E9-A8A05ADED423}.Release|Mixed Platforms.Build.0 = Release|x86
		{2B7C000B-FA6D-441F-85E9-A8A05ADED423}.Release|x86.ActiveCfg = Release|x86
		{2B7C000B-FA6D-441F-85E9-A8A05ADED423}.Release|x86.Build.0 = Release|x86
		{0EC2FDA3-00E9-4DF4-8743-85E2C911E6E8}.Debug|Any CPU.ActiveCfg = Debug|x86
		{0EC2FDA3-00E9-4DF4-8743-85E2C911E6E8}.Debug|Mixed Platforms.ActiveCfg = Debug|x86
		{0EC2FDA3-00E9-4DF4-8743-85E2C911E6E8}.Debug|Mixed Platforms.Build.0 = Debug|x86
		{0EC2FDA3-00E9-4DF4-8743-85E2C911E6E8}.Debug|x86.ActiveCfg = Debug|x86
		{0EC2FDA3-00E9-4DF4-8743-85E2C911E6E8}.Debug|x86.Build.0 = Debug|x86
		{0EC2FDA3-00E9-4DF4-8743-85E2C911E6E8}.Release|Any CPU.ActiveCfg = Release|x86
		{0EC2FDA3-00E9-4DF4-8743-85E2C911E6E8}.Release|Mixed Platforms.ActiveCfg = Release|x86
		{0EC2FDA3-00E9-4DF4-8743-85E2C911E6E8}.Release|Mixed Platforms.Build.0 = Release|x86
		{0EC2FDA3-00E9-4DF4-8743-85E2C911E6E8}.Release|x86.ActiveCfg = Release|x86
		{0EC2FDA3-00E9-4DF4-8743-85E2C911E6E8}.Release|x86.Build.0 = Release|x86
		{EDB5AD93-303D-4B07-9FAD-F6A8295D2390}.Debug|Any CPU.ActiveCfg = Debug|x86
		{EDB5AD93-303D-4B07-9FAD-F6A8295D2390}.Debug|Mixed Platforms.ActiveCfg = Debug|x86
		{EDB5AD93-303D-4B07-9FAD-F6A8295D2390}.Debug|Mixed Platforms.Build.0 = Debug|x86
		{EDB5AD93-303D-4B07-9FAD-F6A8295D2390}.Debug|x86.ActiveCfg = Debug|x86
		{EDB5AD93-303D-4B07-9FAD-F6A8295D2390}.Debug|x86.Build.0 = Debug|x86
		{EDB5AD93-303D-4B07-9FAD-F6A8295D2390}.Release|Any CPU.ActiveCfg = Release|x86
		{EDB5AD93-303D-4B07-9FAD-F6A8295D2390}.Release|Mixed Platforms.ActiveCfg = Release|x86
		{EDB5AD93-303D-4B07-9FAD-F6A8295D2390}.Release|Mixed Platforms.Build.0 = Release|x86
		{EDB5AD93-303D-4B07-9FAD-F6A8295D2390}.Release|x86.ActiveCfg = Release|x86
		{EDB5AD93-303D-4B07-9FAD-F6A8295D2390}.Release|x86.Build.0 = Release|x86
		{8C4BC247-89ED-4629-B34B-15A5AEE88E2D}.Debug|Any CPU.ActiveCfg = Debug|x86
		{8C4BC247-89ED-4629-B34B-15A5AEE88E2D}.Debug|Mixed Platforms.ActiveCfg = Debug|x86
		{8C4BC247-89ED-4629-B34B-15A5AEE88E2D}.Debug|Mixed Platforms.Build.0 = Debug|x86
		{8C4BC247-89ED-4629-B34B-15A5AEE88E2D}.Debug|x86.ActiveCfg = Debug|x86
		{8C4BC247-89ED-4629-B34B-15A5AEE88E2D}.Debug|x86.Build.0 = Debug|x86
		{8C4BC247-89ED-4629-B34B-15A5AEE88E2D}.Release|Any CPU.ActiveCfg = Release|x86
		{8C4BC247-89ED-4629-B34B-15A5AEE88E2D}.Release|Mixed Platforms.ActiveCfg = Release|x86
		{8C4BC247-89ED-4629-B34B-15A5AEE88E2D}.Release|Mixed Platforms.Build.0 = Release|x86
		{8C4BC247-89ED-4629-B34B-15A5AEE88E2D}.Release|x86.ActiveCfg = Release|x86
		{8C4BC247-89ED-4629-B34B-15A5AEE88E2D}.Release|x86.Build.0 = Release|x86
		{2A903DEF-46C6-4E67-A039-A1561DB26C53}.Debug|Any CPU.ActiveCfg = Debug|x86
		{2A903DEF-46C6-4E67-A039-A1561DB26C53}.Debug|Mixed Platforms.ActiveCfg = Debug|x86
		{2A903DEF-46C6-4E67-A039-A1561DB26C53}.Debug|Mixed Platforms.Build.0 = Debug|x86
		{2A903DEF-46C6-4E67-A039-A1561DB26C53}.Debug|x86.ActiveCfg = Debug|x86
		{2A903DEF-46C6-4E67-A039-A1561DB26C53}.Debug|x86.Build.0 = Debug|x86
		{2A903DEF-46C6-4E67-A039-A1561DB26C53}.Release|Any CPU.ActiveCfg = Release|x86
		{2A903DEF-46C6-4E67-A039-A1561DB26C53}.Release|Mixed Platforms.ActiveCfg = Release|x86
		{2A903DEF-46C6-4E67-A039-A1561DB26C53}.Release|Mixed Platforms.Build.0 = Release|x86
		{2A903DEF-46C6-4E67-A039-A1561DB26C53}.Release|x86.ActiveCfg = Release|x86
		{2A903DEF-46C6-4E67-A039-A1561DB26C53}.Release|x86.Build.0 = Release|x86
	EndGlobalSection
	GlobalSection(SolutionProperties) = preSolution
		HideSolutionNode = FALSE
	EndGlobalSection
EndGlobal
