
Microsoft Visual Studio Solution File, Format Version 12.00
# Visual Studio 14
VisualStudioVersion = 14.0.23107.0
MinimumVisualStudioVersion = 10.0.40219.1
Project("{FAE04EC0-301F-11D3-BF4B-00C04F79EFBC}") = "EndlessClient", "EndlessClient\EndlessClient\EndlessClient.csproj", "{AE53FAA2-5359-4DC4-9F5A-51D86344805B}"
	ProjectSection(ProjectDependencies) = postProject
		{EA2FBA5A-4CCA-47B8-80E1-489FFC707123} = {EA2FBA5A-4CCA-47B8-80E1-489FFC707123}
		{34EC2870-4B44-49A1-801D-54B73E62CA99} = {34EC2870-4B44-49A1-801D-54B73E62CA99}
	EndProjectSection
EndProject
Project("{FAE04EC0-301F-11D3-BF4B-00C04F79EFBC}") = "EndlessClientContent", "EndlessClient\EndlessClientContent\EndlessClientContent.contentproj", "{D2A56A0A-BC54-4D82-92E9-E27A551D92DC}"
EndProject
Project("{FAE04EC0-301F-11D3-BF4B-00C04F79EFBC}") = "BatchPub", "BatchPub\BatchPub.csproj", "{18DC9959-1C79-4956-9FD1-438B9D445439}"
EndProject
Project("{FAE04EC0-301F-11D3-BF4B-00C04F79EFBC}") = "EOLib", "EOLib\EOLib.csproj", "{34EC2870-4B44-49A1-801D-54B73E62CA99}"
EndProject
Project("{FAE04EC0-301F-11D3-BF4B-00C04F79EFBC}") = "PacketDecoder", "PacketDecoder\PacketDecoder.csproj", "{D6D15D36-E7F3-4A08-9A3D-6AA382D0DE14}"
EndProject
Project("{FAE04EC0-301F-11D3-BF4B-00C04F79EFBC}") = "BatchMap", "BatchMap\BatchMap.csproj", "{09B4B9F7-64AF-4E6A-AAE1-52C41201179A}"
EndProject
Project("{FAE04EC0-301F-11D3-BF4B-00C04F79EFBC}") = "EOBot", "EOBot\EOBot.csproj", "{2B7C000B-FA6D-441F-85E9-A8A05ADED423}"
EndProject
Project("{FAE04EC0-301F-11D3-BF4B-00C04F79EFBC}") = "XNAControls", "XNAControls\XNAControls.csproj", "{EA2FBA5A-4CCA-47B8-80E1-489FFC707123}"
EndProject
Global
	GlobalSection(SolutionConfigurationPlatforms) = preSolution
		Debug|Any CPU = Debug|Any CPU
		Debug|Mixed Platforms = Debug|Mixed Platforms
		Release|Any CPU = Release|Any CPU
		Release|Mixed Platforms = Release|Mixed Platforms
	EndGlobalSection
	GlobalSection(ProjectConfigurationPlatforms) = postSolution
		{AE53FAA2-5359-4DC4-9F5A-51D86344805B}.Debug|Any CPU.ActiveCfg = Debug|x86
		{AE53FAA2-5359-4DC4-9F5A-51D86344805B}.Debug|Any CPU.Build.0 = Debug|x86
		{AE53FAA2-5359-4DC4-9F5A-51D86344805B}.Debug|Mixed Platforms.ActiveCfg = Debug|x86
		{AE53FAA2-5359-4DC4-9F5A-51D86344805B}.Debug|Mixed Platforms.Build.0 = Debug|x86
		{AE53FAA2-5359-4DC4-9F5A-51D86344805B}.Release|Any CPU.ActiveCfg = Release|x86
		{AE53FAA2-5359-4DC4-9F5A-51D86344805B}.Release|Any CPU.Build.0 = Release|x86
		{AE53FAA2-5359-4DC4-9F5A-51D86344805B}.Release|Mixed Platforms.ActiveCfg = Release|x86
		{AE53FAA2-5359-4DC4-9F5A-51D86344805B}.Release|Mixed Platforms.Build.0 = Release|x86
		{D2A56A0A-BC54-4D82-92E9-E27A551D92DC}.Debug|Any CPU.ActiveCfg = Debug|x86
		{D2A56A0A-BC54-4D82-92E9-E27A551D92DC}.Debug|Mixed Platforms.ActiveCfg = Debug|x86
		{D2A56A0A-BC54-4D82-92E9-E27A551D92DC}.Release|Any CPU.ActiveCfg = Release|x86
		{D2A56A0A-BC54-4D82-92E9-E27A551D92DC}.Release|Mixed Platforms.ActiveCfg = Release|x86
		{18DC9959-1C79-4956-9FD1-438B9D445439}.Debug|Any CPU.ActiveCfg = Debug|Any CPU
		{18DC9959-1C79-4956-9FD1-438B9D445439}.Debug|Any CPU.Build.0 = Debug|Any CPU
		{18DC9959-1C79-4956-9FD1-438B9D445439}.Debug|Mixed Platforms.ActiveCfg = Debug|Any CPU
		{18DC9959-1C79-4956-9FD1-438B9D445439}.Debug|Mixed Platforms.Build.0 = Debug|Any CPU
		{18DC9959-1C79-4956-9FD1-438B9D445439}.Release|Any CPU.ActiveCfg = Release|Any CPU
		{18DC9959-1C79-4956-9FD1-438B9D445439}.Release|Any CPU.Build.0 = Release|Any CPU
		{18DC9959-1C79-4956-9FD1-438B9D445439}.Release|Mixed Platforms.ActiveCfg = Release|Any CPU
		{18DC9959-1C79-4956-9FD1-438B9D445439}.Release|Mixed Platforms.Build.0 = Release|Any CPU
		{34EC2870-4B44-49A1-801D-54B73E62CA99}.Debug|Any CPU.ActiveCfg = Debug|Any CPU
		{34EC2870-4B44-49A1-801D-54B73E62CA99}.Debug|Any CPU.Build.0 = Debug|Any CPU
		{34EC2870-4B44-49A1-801D-54B73E62CA99}.Debug|Mixed Platforms.ActiveCfg = Debug|Any CPU
		{34EC2870-4B44-49A1-801D-54B73E62CA99}.Debug|Mixed Platforms.Build.0 = Debug|Any CPU
		{34EC2870-4B44-49A1-801D-54B73E62CA99}.Release|Any CPU.ActiveCfg = Release|Any CPU
		{34EC2870-4B44-49A1-801D-54B73E62CA99}.Release|Any CPU.Build.0 = Release|Any CPU
		{34EC2870-4B44-49A1-801D-54B73E62CA99}.Release|Mixed Platforms.ActiveCfg = Release|Any CPU
		{34EC2870-4B44-49A1-801D-54B73E62CA99}.Release|Mixed Platforms.Build.0 = Release|Any CPU
		{D6D15D36-E7F3-4A08-9A3D-6AA382D0DE14}.Debug|Any CPU.ActiveCfg = Debug|Any CPU
		{D6D15D36-E7F3-4A08-9A3D-6AA382D0DE14}.Debug|Any CPU.Build.0 = Debug|Any CPU
		{D6D15D36-E7F3-4A08-9A3D-6AA382D0DE14}.Debug|Mixed Platforms.ActiveCfg = Debug|Any CPU
		{D6D15D36-E7F3-4A08-9A3D-6AA382D0DE14}.Debug|Mixed Platforms.Build.0 = Debug|Any CPU
		{D6D15D36-E7F3-4A08-9A3D-6AA382D0DE14}.Release|Any CPU.ActiveCfg = Release|Any CPU
		{D6D15D36-E7F3-4A08-9A3D-6AA382D0DE14}.Release|Any CPU.Build.0 = Release|Any CPU
		{D6D15D36-E7F3-4A08-9A3D-6AA382D0DE14}.Release|Mixed Platforms.ActiveCfg = Release|Any CPU
		{D6D15D36-E7F3-4A08-9A3D-6AA382D0DE14}.Release|Mixed Platforms.Build.0 = Release|Any CPU
		{09B4B9F7-64AF-4E6A-AAE1-52C41201179A}.Debug|Any CPU.ActiveCfg = Debug|Any CPU
		{09B4B9F7-64AF-4E6A-AAE1-52C41201179A}.Debug|Any CPU.Build.0 = Debug|Any CPU
		{09B4B9F7-64AF-4E6A-AAE1-52C41201179A}.Debug|Mixed Platforms.ActiveCfg = Debug|Any CPU
		{09B4B9F7-64AF-4E6A-AAE1-52C41201179A}.Debug|Mixed Platforms.Build.0 = Debug|Any CPU
		{09B4B9F7-64AF-4E6A-AAE1-52C41201179A}.Release|Any CPU.ActiveCfg = Release|Any CPU
		{09B4B9F7-64AF-4E6A-AAE1-52C41201179A}.Release|Any CPU.Build.0 = Release|Any CPU
		{09B4B9F7-64AF-4E6A-AAE1-52C41201179A}.Release|Mixed Platforms.ActiveCfg = Release|Any CPU
		{09B4B9F7-64AF-4E6A-AAE1-52C41201179A}.Release|Mixed Platforms.Build.0 = Release|Any CPU
		{2B7C000B-FA6D-441F-85E9-A8A05ADED423}.Debug|Any CPU.ActiveCfg = Debug|Any CPU
		{2B7C000B-FA6D-441F-85E9-A8A05ADED423}.Debug|Any CPU.Build.0 = Debug|Any CPU
		{2B7C000B-FA6D-441F-85E9-A8A05ADED423}.Debug|Mixed Platforms.ActiveCfg = Debug|Any CPU
		{2B7C000B-FA6D-441F-85E9-A8A05ADED423}.Debug|Mixed Platforms.Build.0 = Debug|Any CPU
		{2B7C000B-FA6D-441F-85E9-A8A05ADED423}.Release|Any CPU.ActiveCfg = Release|Any CPU
		{2B7C000B-FA6D-441F-85E9-A8A05ADED423}.Release|Any CPU.Build.0 = Release|Any CPU
		{2B7C000B-FA6D-441F-85E9-A8A05ADED423}.Release|Mixed Platforms.ActiveCfg = Release|Any CPU
		{2B7C000B-FA6D-441F-85E9-A8A05ADED423}.Release|Mixed Platforms.Build.0 = Release|Any CPU
		{EA2FBA5A-4CCA-47B8-80E1-489FFC707123}.Debug|Any CPU.ActiveCfg = Debug|Any CPU
		{EA2FBA5A-4CCA-47B8-80E1-489FFC707123}.Debug|Any CPU.Build.0 = Debug|Any CPU
		{EA2FBA5A-4CCA-47B8-80E1-489FFC707123}.Debug|Mixed Platforms.ActiveCfg = Debug|Any CPU
		{EA2FBA5A-4CCA-47B8-80E1-489FFC707123}.Debug|Mixed Platforms.Build.0 = Debug|Any CPU
		{EA2FBA5A-4CCA-47B8-80E1-489FFC707123}.Release|Any CPU.ActiveCfg = Release|Any CPU
		{EA2FBA5A-4CCA-47B8-80E1-489FFC707123}.Release|Any CPU.Build.0 = Release|Any CPU
		{EA2FBA5A-4CCA-47B8-80E1-489FFC707123}.Release|Mixed Platforms.ActiveCfg = Release|Any CPU
		{EA2FBA5A-4CCA-47B8-80E1-489FFC707123}.Release|Mixed Platforms.Build.0 = Release|Any CPU
	EndGlobalSection
	GlobalSection(SolutionProperties) = preSolution
		HideSolutionNode = FALSE
	EndGlobalSection
EndGlobal
